
Microsoft Visual Studio Solution File, Format Version 12.00
# Visual Studio Version 17
VisualStudioVersion = 17.11.35219.272
MinimumVisualStudioVersion = 10.0.40219.1
Project("{FAE04EC0-301F-11D3-BF4B-00C04F79EFBC}") = "Ejercicio(Escuela)", "Ejercicio(Escuela).csproj", "{EC6823A7-7176-4EB1-8603-844DCC2EDBAA}"
EndProject
Global
	GlobalSection(SolutionConfigurationPlatforms) = preSolution
		Debug|Any CPU = Debug|Any CPU
		Release|Any CPU = Release|Any CPU
	EndGlobalSection
	GlobalSection(ProjectConfigurationPlatforms) = postSolution
		{EC6823A7-7176-4EB1-8603-844DCC2EDBAA}.Debug|Any CPU.ActiveCfg = Debug|Any CPU
		{EC6823A7-7176-4EB1-8603-844DCC2EDBAA}.Debug|Any CPU.Build.0 = Debug|Any CPU
		{EC6823A7-7176-4EB1-8603-844DCC2EDBAA}.Release|Any CPU.ActiveCfg = Release|Any CPU
		{EC6823A7-7176-4EB1-8603-844DCC2EDBAA}.Release|Any CPU.Build.0 = Release|Any CPU
	EndGlobalSection
	GlobalSection(SolutionProperties) = preSolution
		HideSolutionNode = FALSE
	EndGlobalSection
	GlobalSection(ExtensibilityGlobals) = postSolution
		SolutionGuid = {7A2AA4E1-4E82-4172-94DA-F4DEBAAC9BFB}
	EndGlobalSection
EndGlobal
